{
  "name": "PJI-Frontend",
  "version": "1.0.0",
  "lockfileVersion": 1,
  "requires": true,
  "dependencies": {
    "wux-weapp": {
      "version": "3.3.1",
      "resolved": "https://registry.npmjs.org/wux-weapp/-/wux-weapp-3.3.1.tgz",
      "integrity": "sha512-leskvgBTWHEYx0WYd5OwPFZ3gpo59Qe0OPy3OMdFKH7KoEMmP2trUHLzrgM+LMvEuj6u6C+72TcW5UtzwiZrVw=="
    }
  }
}
